{
    "_readme": [
        "This file locks the dependencies of your project to a known state",
        "Read more about it at https://getcomposer.org/doc/01-basic-usage.md#composer-lock-the-lock-file",
        "This file is @generated automatically"
    ],
    "hash": "3a3c0b8b9e9bc4ad1bd8f66c9c630be7",
    "content-hash": "bcbd6a34d70b93094c10f3a5ca1ec5c4",
    "packages": [
        {
            "name": "battis/educoder-pest-fork",
            "version": "dev-master",
            "source": {
                "type": "git",
                "url": "https://github.com/battis/pest.git",
                "reference": "b12e9056465e2894bd698eede139a03b91723545"
            },
            "dist": {
                "type": "zip",
                "url": "https://api.github.com/repos/battis/pest/zipball/b12e9056465e2894bd698eede139a03b91723545",
                "reference": "b12e9056465e2894bd698eede139a03b91723545",
                "shasum": ""
            },
            "require": {
                "lib-curl": "*",
                "php": ">=5.2"
            },
            "type": "library",
            "autoload": {
                "classmap": [
                    ""
                ]
            },
            "notification-url": "https://packagist.org/downloads/",
            "license": [
                "MIT"
            ],
            "authors": [
                {
                    "name": "Matt Zukowski",
                    "email": "matt@zukowski.ca"
                },
                {
                    "name": "Donald Sipe",
                    "email": "donald.sipe@gmail.com"
                }
            ],
            "description": "A proper REST client for PHP.",
            "homepage": "https://github.com/educoder/pest",
            "time": "2016-02-15 19:52:14"
        }
    ],
    "packages-dev": [],
    "aliases": [],
    "minimum-stability": "dev",
    "stability-flags": {
        "battis/educoder-pest-fork": 20
    },
    "prefer-stable": false,
    "prefer-lowest": false,
    "platform": [],
    "platform-dev": []
}
